
Microsoft Visual Studio Solution File, Format Version 12.00
# Visual Studio 15
VisualStudioVersion = 15.0.28307.902
MinimumVisualStudioVersion = 10.0.40219.1
Project("{F2A71F9B-5D33-465A-A702-920D77279786}") = "fsharp-lecture", "fsharp-lecture\fsharp-lecture.fsproj", "{667C7CCD-471C-4EEF-848F-8FF55C2007EC}"
EndProject
Global
	GlobalSection(SolutionConfigurationPlatforms) = preSolution
		Debug|Any CPU = Debug|Any CPU
		Release|Any CPU = Release|Any CPU
	EndGlobalSection
	GlobalSection(ProjectConfigurationPlatforms) = postSolution
		{667C7CCD-471C-4EEF-848F-8FF55C2007EC}.Debug|Any CPU.ActiveCfg = Debug|Any CPU
		{667C7CCD-471C-4EEF-848F-8FF55C2007EC}.Debug|Any CPU.Build.0 = Debug|Any CPU
		{667C7CCD-471C-4EEF-848F-8FF55C2007EC}.Release|Any CPU.ActiveCfg = Release|Any CPU
		{667C7CCD-471C-4EEF-848F-8FF55C2007EC}.Release|Any CPU.Build.0 = Release|Any CPU
	EndGlobalSection
	GlobalSection(SolutionProperties) = preSolution
		HideSolutionNode = FALSE
	EndGlobalSection
	GlobalSection(ExtensibilityGlobals) = postSolution
		SolutionGuid = {68C87FFF-7DD2-40EE-96EA-36F59BD473ED}
	EndGlobalSection
EndGlobal
